{
  "requires": true,
  "lockfileVersion": 1,
  "dependencies": {
    "react-native-mmkv": {
      "version": "1.0.10",
      "resolved": "https://registry.npmjs.org/react-native-mmkv/-/react-native-mmkv-1.0.10.tgz",
      "integrity": "sha512-tJSwFaIvTDNb/35HmlK90DrrUZvdzg/2ByJxhmxOyBy/ZDPPFIH0U5NpEueShrOi2bMVWEYvY/x2fvRXZr8/Ig=="
    }
  }
}
